
Microsoft Visual Studio Solution File, Format Version 12.00
# Visual Studio Version 17
VisualStudioVersion = 17.5.002.0
MinimumVisualStudioVersion = 10.0.40219.1
Project("{9A19103F-16F7-4668-BE54-9A1E7A4F7556}") = "BMI_Application", "BMI_Application\BMI_Application.csproj", "{AA4566F4-45EB-4817-8067-00EABE428F08}"
EndProject
Global
	GlobalSection(SolutionConfigurationPlatforms) = preSolution
		Debug|Any CPU = Debug|Any CPU
		Release|Any CPU = Release|Any CPU
	EndGlobalSection
	GlobalSection(ProjectConfigurationPlatforms) = postSolution
		{AA4566F4-45EB-4817-8067-00EABE428F08}.Debug|Any CPU.ActiveCfg = Debug|Any CPU
		{AA4566F4-45EB-4817-8067-00EABE428F08}.Debug|Any CPU.Build.0 = Debug|Any CPU
		{AA4566F4-45EB-4817-8067-00EABE428F08}.Release|Any CPU.ActiveCfg = Release|Any CPU
		{AA4566F4-45EB-4817-8067-00EABE428F08}.Release|Any CPU.Build.0 = Release|Any CPU
	EndGlobalSection
	GlobalSection(SolutionProperties) = preSolution
		HideSolutionNode = FALSE
	EndGlobalSection
	GlobalSection(ExtensibilityGlobals) = postSolution
		SolutionGuid = {2BD9C96E-58AD-4A0D-9A69-D6E5034B4191}
	EndGlobalSection
EndGlobal
